
Microsoft Visual Studio Solution File, Format Version 12.00
# Visual Studio Version 16
VisualStudioVersion = 16.0.31515.178
MinimumVisualStudioVersion = 10.0.40219.1
Project("{FAE04EC0-301F-11D3-BF4B-00C04F79EFBC}") = "Tweakers_Tests", "Tweakers_Tests\Tweakers_Tests.csproj", "{AB7E73B0-E1C2-4848-9E7E-B53806B5E668}"
EndProject
Global
	GlobalSection(SolutionConfigurationPlatforms) = preSolution
		Debug|Any CPU = Debug|Any CPU
		Release|Any CPU = Release|Any CPU
	EndGlobalSection
	GlobalSection(ProjectConfigurationPlatforms) = postSolution
		{AB7E73B0-E1C2-4848-9E7E-B53806B5E668}.Debug|Any CPU.ActiveCfg = Debug|Any CPU
		{AB7E73B0-E1C2-4848-9E7E-B53806B5E668}.Debug|Any CPU.Build.0 = Debug|Any CPU
		{AB7E73B0-E1C2-4848-9E7E-B53806B5E668}.Release|Any CPU.ActiveCfg = Release|Any CPU
		{AB7E73B0-E1C2-4848-9E7E-B53806B5E668}.Release|Any CPU.Build.0 = Release|Any CPU
	EndGlobalSection
	GlobalSection(SolutionProperties) = preSolution
		HideSolutionNode = FALSE
	EndGlobalSection
	GlobalSection(ExtensibilityGlobals) = postSolution
		SolutionGuid = {A4B7D3C3-52A8-409E-906A-04E3696B2420}
	EndGlobalSection
EndGlobal
